
Microsoft Visual Studio Solution File, Format Version 12.00
# Visual Studio Version 16
VisualStudioVersion = 16.0.31005.135
MinimumVisualStudioVersion = 10.0.40219.1
Project("{FAE04EC0-301F-11D3-BF4B-00C04F79EFBC}") = "StringBuilderCSharp", "StringBuilderCSharp\StringBuilderCSharp.csproj", "{F19E055A-FE7E-471E-A9D1-1ADE13C61B7E}"
EndProject
Global
	GlobalSection(SolutionConfigurationPlatforms) = preSolution
		Debug|Any CPU = Debug|Any CPU
		Release|Any CPU = Release|Any CPU
	EndGlobalSection
	GlobalSection(ProjectConfigurationPlatforms) = postSolution
		{F19E055A-FE7E-471E-A9D1-1ADE13C61B7E}.Debug|Any CPU.ActiveCfg = Debug|Any CPU
		{F19E055A-FE7E-471E-A9D1-1ADE13C61B7E}.Debug|Any CPU.Build.0 = Debug|Any CPU
		{F19E055A-FE7E-471E-A9D1-1ADE13C61B7E}.Release|Any CPU.ActiveCfg = Release|Any CPU
		{F19E055A-FE7E-471E-A9D1-1ADE13C61B7E}.Release|Any CPU.Build.0 = Release|Any CPU
	EndGlobalSection
	GlobalSection(SolutionProperties) = preSolution
		HideSolutionNode = FALSE
	EndGlobalSection
	GlobalSection(ExtensibilityGlobals) = postSolution
		SolutionGuid = {B46E5682-E8CB-47E9-B802-79F184994049}
	EndGlobalSection
EndGlobal
